github.com/awalterschulze/gographviz v0.0.0-20180704132352-49969fe6eded h1:jchWEDNpDYvJjluZBYNruvL4E5EmMxAteN1TNzHNuCs=
github.com/awalterschulze/gographviz v0.0.0-20180704132352-49969fe6eded/go.mod h1:GEV5wmg4YquNw7v1kkyoX9etIk8yVmXj+AkDHuuETHs=
github.com/chewxy/hm v1.0.0/go.mod h1:qg9YI4q6Fkj/whwHR1D+bOGeF7SniIP40VweVepLjg0=
github.com/chewxy/math32 v1.0.0/go.mod h1:Miac6hA1ohdDUTagnvJy/q+aNnEk16qWUdb8ZVhvCN0=
github.com/gogo/protobuf v1.0.0/go.mod h1:r8qH/GZQm5c6nD/R0oafs1akxWv10x8SbQlK7atdtwQ=
github.com/golang/protobuf v1.1.0/go.mod h1:6lQm79b+lXiMfvg/cZm0SGofjICqVBUtrP5yJMmIC1U=
github.com/leesper/go_rng v0.0.0-20171009123644-5344a9259b21 h1:O75p5GUdUfhJqNCMM1ntthjtJCOHVa1lzMSfh5Qsa0Y=
github.com/leesper/go_rng v0.0.0-20171009123644-5344a9259b21/go.mod h1:N0SVk0uhy+E1PZ3C9ctsPRlvOPAFPkCNlcPBDkt0N3U=
github.com/pkg/errors v0.8.0/go.mod h1:bwawxfHBFNV+L2hUp1rHADufV3IMtnDRdf1r5NINEl0=
github.com/xtgo/set v1.0.0 h1:6BCNBRv3ORNDQ7fyoJXRv+tstJz3m1JVFQErfeZz2pY=
github.com/xtgo/set v1.0.0/go.mod h1:d3NHzGzSa0NmB2NhFyECA+QdRp29oEn2xbT+TpeFoM8=
gonum.org/v1/gonum v0.0.0-20180705233506-b9db25a6108c h1:FcPExuI+uMy4hnSGVYTpeeusztFSbcn4GOCk98tVhzQ=
gonum.org/v1/gonum v0.0.0-20180705233506-b9db25a6108c/go.mod h1:cucAdkem48eM79EG1fdGOGASXorNZIYAO9duTse+1cI=
gonum.org/v1/gonum/blas v0.0.0-20180705233506-b9db25a6108c/go.mod h1:G7mAYYxgmS0lVkHyy2hEOLQCFB0DlQFTMLWggykrydY=
gopkg.in/check.v1 v0.0.0-20161208181325-20d25e280405/go.mod h1:Co6ibVJAznAaIkqp8huTwlJQCZ016jof/cbN4VW5Yz0=
gopkg.in/yaml.v2 v2.2.1/go.mod h1:hI93XBmqTisBFMUTm0b8Fm+jr3Dg1NNxqwp+5A1VGuI=
gorgonia.org/gorgonia v0.8.2/go.mod h1:qucT7YHm/2OuSHWEw/6Je/LQ5htRJNQJ1+qpB58fY8c=
gorgonia.org/tensor v0.8.1/go.mod h1:05Y4laKuVlj4qFoZIZW1q/9n1jZkgDBOLmKXZdBLG1w=
gorgonia.org/vecf32 v0.7.0 h1:mkpVzSyT7/Cput5/ZxaMzzp2xbmOtqOyJlTf7AdSMe0=
gorgonia.org/vecf32 v0.7.0/go.mod h1:iHG+kvTMqGYA0SgahfO2k62WRnxmHsqAREGbayRDzy8=
gorgonia.org/vecf64 v0.7.0 h1:ZphOGJfnWlFfY7x8WAJAfO64IAtYqPPq9TEGem+ItZE=
gorgonia.org/vecf64 v0.7.0/go.mod h1:1y4pmcSd+wh3phG+InwWQjYrqwyrtN9h27WLFVQfV1Q=
